// !$*UTF8*$!
{
	archiveVersion = 1;
	classes = {
	};
	objectVersion = 46;
	objects = {

/* Begin PBXBuildFile section */
		7D286ACC19FDF47200C64FFD /* AppDelegate.swift in Sources */ = {isa = PBXBuildFile; fileRef = 7D286ACB19FDF47200C64FFD /* AppDelegate.swift */; };
		7D286ACE19FDF47200C64FFD /* ViewController.swift in Sources */ = {isa = PBXBuildFile; fileRef = 7D286ACD19FDF47200C64FFD /* ViewController.swift */; };
		7D286AD119FDF47200C64FFD /* Main.storyboard in Resources */ = {isa = PBXBuildFile; fileRef = 7D286ACF19FDF47200C64FFD /* Main.storyboard */; };
		7D286AD319FDF47300C64FFD /* Images.xcassets in Resources */ = {isa = PBXBuildFile; fileRef = 7D286AD219FDF47300C64FFD /* Images.xcassets */; };
		7D286AD619FDF47300C64FFD /* LaunchScreen.xib in Resources */ = {isa = PBXBuildFile; fileRef = 7D286AD419FDF47300C64FFD /* LaunchScreen.xib */; };
		7D286AE219FDF47300C64FFD /* PostcardTests.swift in Sources */ = {isa = PBXBuildFile; fileRef = 7D286AE119FDF47300C64FFD /* PostcardTests.swift */; };
		7DE1FDA319FDFE5A0077B23A /* AlbertEinsteinStamp.jpg in Resources */ = {isa = PBXBuildFile; fileRef = 7DE1FDA219FDFE5A0077B23A /* AlbertEinsteinStamp.jpg */; };
		7DE1FDA519FDFE7B0077B23A /* SagradaFamilia.jpeg in Resources */ = {isa = PBXBuildFile; fileRef = 7DE1FDA419FDFE7B0077B23A /* SagradaFamilia.jpeg */; };
/* End PBXBuildFile section */

/* Begin PBXContainerItemProxy section */
		7D286ADC19FDF47300C64FFD /* PBXContainerItemProxy */ = {
			isa = PBXContainerItemProxy;
			containerPortal = 7D286ABE19FDF47200C64FFD /* Project object */;
			proxyType = 1;
			remoteGlobalIDString = 7D286AC519FDF47200C64FFD;
			remoteInfo = Postcard;
		};
/* End PBXContainerItemProxy section */

/* Begin PBXFileReference section */
		7D286AC619FDF47200C64FFD /* Postcard.app */ = {isa = PBXFileReference; explicitFileType = wrapper.application; includeInIndex = 0; path = Postcard.app; sourceTree = BUILT_PRODUCTS_DIR; };
		7D286ACA19FDF47200C64FFD /* Info.plist */ = {isa = PBXFileReference; lastKnownFileType = text.plist.xml; path = Info.plist; sourceTree = "<group>"; };
		7D286ACB19FDF47200C64FFD /* AppDelegate.swift */ = {isa = PBXFileReference; lastKnownFileType = sourcecode.swift; path = AppDelegate.swift; sourceTree = "<group>"; };
		7D286ACD19FDF47200C64FFD /* ViewController.swift */ = {isa = PBXFileReference; lastKnownFileType = sourcecode.swift; path = ViewController.swift; sourceTree = "<group>"; };
		7D286AD019FDF47200C64FFD /* Base */ = {isa = PBXFileReference; lastKnownFileType = file.storyboard; name = Base; path = Base.lproj/Main.storyboard; sourceTree = "<group>"; };
		7D286AD219FDF47300C64FFD /* Images.xcassets */ = {isa = PBXFileReference; lastKnownFileType = folder.assetcatalog; path = Images.xcassets; sourceTree = "<group>"; };
		7D286AD519FDF47300C64FFD /* Base */ = {isa = PBXFileReference; lastKnownFileType = file.xib; name = Base; path = Base.lproj/LaunchScreen.xib; sourceTree = "<group>"; };
		7D286ADB19FDF47300C64FFD /* PostcardTests.xctest */ = {isa = PBXFileReference; explicitFileType = wrapper.cfbundle; includeInIndex = 0; path = PostcardTests.xctest; sourceTree = BUILT_PRODUCTS_DIR; };
		7D286AE019FDF47300C64FFD /* Info.plist */ = {isa = PBXFileReference; lastKnownFileType = text.plist.xml; path = Info.plist; sourceTree = "<group>"; };
		7D286AE119FDF47300C64FFD /* PostcardTests.swift */ = {isa = PBXFileReference; lastKnownFileType = sourcecode.swift; path = PostcardTests.swift; sourceTree = "<group>"; };
		7DE1FDA219FDFE5A0077B23A /* AlbertEinsteinStamp.jpg */ = {isa = PBXFileReference; lastKnownFileType = image.jpeg; path = AlbertEinsteinStamp.jpg; sourceTree = "<group>"; };
		7DE1FDA419FDFE7B0077B23A /* SagradaFamilia.jpeg */ = {isa = PBXFileReference; lastKnownFileType = image.jpeg; path = SagradaFamilia.jpeg; sourceTree = "<group>"; };
/* End PBXFileReference section */

/* Begin PBXFrameworksBuildPhase section */
		7D286AC319FDF47200C64FFD /* Frameworks */ = {
			isa = PBXFrameworksBuildPhase;
			buildActionMask = 2147483647;
			files = (
			);
			runOnlyForDeploymentPostprocessing = 0;
		};
		7D286AD819FDF47300C64FFD /* Frameworks */ = {
			isa = PBXFrameworksBuildPhase;
			buildActionMask = 2147483647;
			files = (
			);
			runOnlyForDeploymentPostprocessing = 0;
		};
/* End PBXFrameworksBuildPhase section */

/* Begin PBXGroup section */
		7D286ABD19FDF47200C64FFD = {
			isa = PBXGroup;
			children = (
				7D286AC819FDF47200C64FFD /* Postcard */,
				7D286ADE19FDF47300C64FFD /* PostcardTests */,
				7D286AC719FDF47200C64FFD /* Products */,
			);
			sourceTree = "<group>";
		};
		7D286AC719FDF47200C64FFD /* Products */ = {
			isa = PBXGroup;
			children = (
				7D286AC619FDF47200C64FFD /* Postcard.app */,
				7D286ADB19FDF47300C64FFD /* PostcardTests.xctest */,
			);
			name = Products;
			sourceTree = "<group>";
		};
		7D286AC819FDF47200C64FFD /* Postcard */ = {
			isa = PBXGroup;
			children = (
				7D286ACB19FDF47200C64FFD /* AppDelegate.swift */,
				7D286ACD19FDF47200C64FFD /* ViewController.swift */,
				7D286ACF19FDF47200C64FFD /* Main.storyboard */,
				7D286AD219FDF47300C64FFD /* Images.xcassets */,
				7D286AD419FDF47300C64FFD /* LaunchScreen.xib */,
				7D286AC919FDF47200C64FFD /* Supporting Files */,
			);
			path = Postcard;
			sourceTree = "<group>";
		};
		7D286AC919FDF47200C64FFD /* Supporting Files */ = {
			isa = PBXGroup;
			children = (
				7DE1FDA419FDFE7B0077B23A /* SagradaFamilia.jpeg */,
				7DE1FDA219FDFE5A0077B23A /* AlbertEinsteinStamp.jpg */,
				7D286ACA19FDF47200C64FFD /* Info.plist */,
			);
			name = "Supporting Files";
			sourceTree = "<group>";
		};
		7D286ADE19FDF47300C64FFD /* PostcardTests */ = {
			isa = PBXGroup;
			children = (
				7D286AE119FDF47300C64FFD /* PostcardTests.swift */,
				7D286ADF19FDF47300C64FFD /* Supporting Files */,
			);
			path = PostcardTests;
			sourceTree = "<group>";
		};
		7D286ADF19FDF47300C64FFD /* Supporting Files */ = {
			isa = PBXGroup;
			children = (
				7D286AE019FDF47300C64FFD /* Info.plist */,
			);
			name = "Supporting Files";
			sourceTree = "<group>";
		};
/* End PBXGroup section */

/* Begin PBXNativeTarget section */
		7D286AC519FDF47200C64FFD /* Postcard */ = {
			isa = PBXNativeTarget;
			buildConfigurationList = 7D286AE519FDF47300C64FFD /* Build configuration list for PBXNativeTarget "Postcard" */;
			buildPhases = (
				7D286AC219FDF47200C64FFD /* Sources */,
				7D286AC319FDF47200C64FFD /* Frameworks */,
				7D286AC419FDF47200C64FFD /* Resources */,
			);
			buildRules = (
			);
			dependencies = (
			);
			name = Postcard;
			productName = Postcard;
			productReference = 7D286AC619FDF47200C64FFD /* Postcard.app */;
			productType = "com.apple.product-type.application";
		};
		7D286ADA19FDF47300C64FFD /* PostcardTests */ = {
			isa = PBXNativeTarget;
			buildConfigurationList = 7D286AE819FDF47300C64FFD /* Build configuration list for PBXNativeTarget "PostcardTests" */;
			buildPhases = (
				7D286AD719FDF47300C64FFD /* Sources */,
				7D286AD819FDF47300C64FFD /* Frameworks */,
				7D286AD919FDF47300C64FFD /* Resources */,
			);
			buildRules = (
			);
			dependencies = (
				7D286ADD19FDF47300C64FFD /* PBXTargetDependency */,
			);
			name = PostcardTests;
			productName = PostcardTests;
			productReference = 7D286ADB19FDF47300C64FFD /* PostcardTests.xctest */;
			productType = "com.apple.product-type.bundle.unit-test";
		};
/* End PBXNativeTarget section */

/* Begin PBXProject section */
		7D286ABE19FDF47200C64FFD /* Project object */ = {
			isa = PBXProject;
			attributes = {
				LastUpgradeCheck = 0600;
				ORGANIZATIONNAME = Aleksu;
				TargetAttributes = {
					7D286AC519FDF47200C64FFD = {
						CreatedOnToolsVersion = 6.0.1;
					};
					7D286ADA19FDF47300C64FFD = {
						CreatedOnToolsVersion = 6.0.1;
						TestTargetID = 7D286AC519FDF47200C64FFD;
					};
				};
			};
			buildConfigurationList = 7D286AC119FDF47200C64FFD /* Build configuration list for PBXProject "Postcard" */;
			compatibilityVersion = "Xcode 3.2";
			developmentRegion = English;
			hasScannedForEncodings = 0;
			knownRegions = (
				en,
				Base,
			);
			mainGroup = 7D286ABD19FDF47200C64FFD;
			productRefGroup = 7D286AC719FDF47200C64FFD /* Products */;
			projectDirPath = "";
			projectRoot = "";
			targets = (
				7D286AC519FDF47200C64FFD /* Postcard */,
				7D286ADA19FDF47300C64FFD /* PostcardTests */,
			);
		};
/* End PBXProject section */

/* Begin PBXResourcesBuildPhase section */
		7D286AC419FDF47200C64FFD /* Resources */ = {
			isa = PBXResourcesBuildPhase;
			buildActionMask = 2147483647;
			files = (
				7DE1FDA319FDFE5A0077B23A /* AlbertEinsteinStamp.jpg in Resources */,
				7D286AD119FDF47200C64FFD /* Main.storyboard in Resources */,
				7D286AD619FDF47300C64FFD /* LaunchScreen.xib in Resources */,
				7D286AD319FDF47300C64FFD /* Images.xcassets in Resources */,
				7DE1FDA519FDFE7B0077B23A /* SagradaFamilia.jpeg in Resources */,
			);
			runOnlyForDeploymentPostprocessing = 0;
		};
		7D286AD919FDF47300C64FFD /* Resources */ = {
			isa = PBXResourcesBuildPhase;
			buildActionMask = 2147483647;
			files = (
			);
			runOnlyForDeploymentPostprocessing = 0;
		};
/* End PBXResourcesBuildPhase section */

/* Begin PBXSourcesBuildPhase section */
		7D286AC219FDF47200C64FFD /* Sources */ = {
			isa = PBXSourcesBuildPhase;
			buildActionMask = 2147483647;
			files = (
				7D286ACE19FDF47200C64FFD /* ViewController.swift in Sources */,
				7D286ACC19FDF47200C64FFD /* AppDelegate.swift in Sources */,
			);
			runOnlyForDeploymentPostprocessing = 0;
		};
		7D286AD719FDF47300C64FFD /* Sources */ = {
			isa = PBXSourcesBuildPhase;
			buildActionMask = 2147483647;
			files = (
				7D286AE219FDF47300C64FFD /* PostcardTests.swift in Sources */,
			);
			runOnlyForDeploymentPostprocessing = 0;
		};
/* End PBXSourcesBuildPhase section */

/* Begin PBXTargetDependency section */
		7D286ADD19FDF47300C64FFD /* PBXTargetDependency */ = {
			isa = PBXTargetDependency;
			target = 7D286AC519FDF47200C64FFD /* Postcard */;
			targetProxy = 7D286ADC19FDF47300C64FFD /* PBXContainerItemProxy */;
		};
/* End PBXTargetDependency section */

/* Begin PBXVariantGroup section */
		7D286ACF19FDF47200C64FFD /* Main.storyboard */ = {
			isa = PBXVariantGroup;
			children = (
				7D286AD019FDF47200C64FFD /* Base */,
			);
			name = Main.storyboard;
			sourceTree = "<group>";
		};
		7D286AD419FDF47300C64FFD /* LaunchScreen.xib */ = {
			isa = PBXVariantGroup;
			children = (
				7D286AD519FDF47300C64FFD /* Base */,
			);
			name = LaunchScreen.xib;
			sourceTree = "<group>";
		};
/* End PBXVariantGroup section */

/* Begin XCBuildConfiguration section */
		7D286AE319FDF47300C64FFD /* Debug */ = {
			isa = XCBuildConfiguration;
			buildSettings = {
				ALWAYS_SEARCH_USER_PATHS = NO;
				CLANG_CXX_LANGUAGE_STANDARD = "gnu++0x";
				CLANG_CXX_LIBRARY = "libc++";
				CLANG_ENABLE_MODULES = YES;
				CLANG_ENABLE_OBJC_ARC = YES;
				CLANG_WARN_BOOL_CONVERSION = YES;
				CLANG_WARN_CONSTANT_CONVERSION = YES;
				CLANG_WARN_DIRECT_OBJC_ISA_USAGE = YES_ERROR;
				CLANG_WARN_EMPTY_BODY = YES;
				CLANG_WARN_ENUM_CONVERSION = YES;
				CLANG_WARN_INT_CONVERSION = YES;
				CLANG_WARN_OBJC_ROOT_CLASS = YES_ERROR;
				CLANG_WARN_UNREACHABLE_CODE = YES;
				CLANG_WARN__DUPLICATE_METHOD_MATCH = YES;
				"CODE_SIGN_IDENTITY[sdk=iphoneos*]" = "iPhone Developer";
				COPY_PHASE_STRIP = NO;
				ENABLE_STRICT_OBJC_MSGSEND = YES;
				GCC_C_LANGUAGE_STANDARD = gnu99;
				GCC_DYNAMIC_NO_PIC = NO;
				GCC_OPTIMIZATION_LEVEL = 0;
				GCC_PREPROCESSOR_DEFINITIONS = (
					"DEBUG=1",
					"$(inherited)",
				);
				GCC_SYMBOLS_PRIVATE_EXTERN = NO;
				GCC_WARN_64_TO_32_BIT_CONVERSION = YES;
				GCC_WARN_ABOUT_RETURN_TYPE = YES_ERROR;
				GCC_WARN_UNDECLARED_SELECTOR = YES;
				GCC_WARN_UNINITIALIZED_AUTOS = YES_AGGRESSIVE;
				GCC_WARN_UNUSED_FUNCTION = YES;
				GCC_WARN_UNUSED_VARIABLE = YES;
				IPHONEOS_DEPLOYMENT_TARGET = 8.0;
				MTL_ENABLE_DEBUG_INFO = YES;
				ONLY_ACTIVE_ARCH = YES;
				SDKROOT = iphoneos;
				SWIFT_OPTIMIZATION_LEVEL = "-Onone";
				TARGETED_DEVICE_FAMILY = "1,2";
			};
			name = Debug;
		};
		7D286AE419FDF47300C64FFD /* Release */ = {
			isa = XCBuildConfiguration;
			buildSettings = {
				ALWAYS_SEARCH_USER_PATHS = NO;
				CLANG_CXX_LANGUAGE_STANDARD = "gnu++0x";
				CLANG_CXX_LIBRARY = "libc++";
				CLANG_ENABLE_MODULES = YES;
				CLANG_ENABLE_OBJC_ARC = YES;
				CLANG_WARN_BOOL_CONVERSION = YES;
				CLANG_WARN_CONSTANT_CONVERSION = YES;
				CLANG_WARN_DIRECT_OBJC_ISA_USAGE = YES_ERROR;
				CLANG_WARN_EMPTY_BODY = YES;
				CLANG_WARN_ENUM_CONVERSION = YES;
				CLANG_WARN_INT_CONVERSION = YES;
				CLANG_WARN_OBJC_ROOT_CLASS = YES_ERROR;
				CLANG_WARN_UNREACHABLE_CODE = YES;
				CLANG_WARN__DUPLICATE_METHOD_MATCH = YES;
				"CODE_SIGN_IDENTITY[sdk=iphoneos*]" = "iPhone Developer";
				COPY_PHASE_STRIP = YES;
				ENABLE_NS_ASSERTIONS = NO;
				ENABLE_STRICT_OBJC_MSGSEND = YES;
				GCC_C_LANGUAGE_STANDARD = gnu99;
				GCC_WARN_64_TO_32_BIT_CONVERSION = YES;
				GCC_WARN_ABOUT_RETURN_TYPE = YES_ERROR;
				GCC_WARN_UNDECLARED_SELECTOR = YES;
				GCC_WARN_UNINITIALIZED_AUTOS = YES_AGGRESSIVE;
				GCC_WARN_UNUSED_FUNCTION = YES;
				GCC_WARN_UNUSED_VARIABLE = YES;
				IPHONEOS_DEPLOYMENT_TARGET = 8.0;
				MTL_ENABLE_DEBUG_INFO = NO;
				SDKROOT = iphoneos;
				TARGETED_DEVICE_FAMILY = "1,2";
				VALIDATE_PRODUCT = YES;
			};
			name = Release;
		};
		7D286AE619FDF47300C64FFD /* Debug */ = {
			isa = XCBuildConfiguration;
			buildSettings = {
				ASSETCATALOG_COMPILER_APPICON_NAME = AppIcon;
				INFOPLIST_FILE = Postcard/Info.plist;
				LD_RUNPATH_SEARCH_PATHS = "$(inherited) @executable_path/Frameworks";
				PRODUCT_NAME = "$(TARGET_NAME)";
			};
			name = Debug;
		};
		7D286AE719FDF47300C64FFD /* Release */ = {
			isa = XCBuildConfiguration;
			buildSettings = {
				ASSETCATALOG_COMPILER_APPICON_NAME = AppIcon;
				INFOPLIST_FILE = Postcard/Info.plist;
				LD_RUNPATH_SEARCH_PATHS = "$(inherited) @executable_path/Frameworks";
				PRODUCT_NAME = "$(TARGET_NAME)";
			};
			name = Release;
		};
		7D286AE919FDF47300C64FFD /* Debug */ = {
			isa = XCBuildConfiguration;
			buildSettings = {
				BUNDLE_LOADER = "$(TEST_HOST)";
				FRAMEWORK_SEARCH_PATHS = (
					"$(SDKROOT)/Developer/Library/Frameworks",
					"$(inherited)",
				);
				GCC_PREPROCESSOR_DEFINITIONS = (
					"DEBUG=1",
					"$(inherited)",
				);
				INFOPLIST_FILE = PostcardTests/Info.plist;
				LD_RUNPATH_SEARCH_PATHS = "$(inherited) @executable_path/Frameworks @loader_path/Frameworks";
				PRODUCT_NAME = "$(TARGET_NAME)";
				TEST_HOST = "$(BUILT_PRODUCTS_DIR)/Postcard.app/Postcard";
			};
			name = Debug;
		};
		7D286AEA19FDF47300C64FFD /* Release */ = {
			isa = XCBuildConfiguration;
			buildSettings = {
				BUNDLE_LOADER = "$(TEST_HOST)";
				FRAMEWORK_SEARCH_PATHS = (
					"$(SDKROOT)/Developer/Library/Frameworks",
					"$(inherited)",
				);
				INFOPLIST_FILE = PostcardTests/Info.plist;
				LD_RUNPATH_SEARCH_PATHS = "$(inherited) @executable_path/Frameworks @loader_path/Frameworks";
				PRODUCT_NAME = "$(TARGET_NAME)";
				TEST_HOST = "$(BUILT_PRODUCTS_DIR)/Postcard.app/Postcard";
			};
			name = Release;
		};
/* End XCBuildConfiguration section */

/* Begin XCConfigurationList section */
		7D286AC119FDF47200C64FFD /* Build configuration list for PBXProject "Postcard" */ = {
			isa = XCConfigurationList;
			buildConfigurations = (
				7D286AE319FDF47300C64FFD /* Debug */,
				7D286AE419FDF47300C64FFD /* Release */,
			);
			defaultConfigurationIsVisible = 0;
			defaultConfigurationName = Release;
		};
		7D286AE519FDF47300C64FFD /* Build configuration list for PBXNativeTarget "Postcard" */ = {
			isa = XCConfigurationList;
			buildConfigurations = (
				7D286AE619FDF47300C64FFD /* Debug */,
				7D286AE719FDF47300C64FFD /* Release */,
			);
			defaultConfigurationIsVisible = 0;
			defaultConfigurationName = Release;
		};
		7D286AE819FDF47300C64FFD /* Build configuration list for PBXNativeTarget "PostcardTests" */ = {
			isa = XCConfigurationList;
			buildConfigurations = (
				7D286AE919FDF47300C64FFD /* Debug */,
				7D286AEA19FDF47300C64FFD /* Release */,
			);
			defaultConfigurationIsVisible = 0;
			defaultConfigurationName = Release;
		};
/* End XCConfigurationList section */
	};
	rootObject = 7D286ABE19FDF47200C64FFD /* Project object */;
}
